
Microsoft Visual Studio Solution File, Format Version 12.00
# Visual Studio Version 16
VisualStudioVersion = 16.0.28803.156
MinimumVisualStudioVersion = 10.0.40219.1
Project("{9A19103F-16F7-4668-BE54-9A1E7A4F7556}") = "Admin", "Admin\Admin.csproj", "{438D1E7E-DAF6-4D9E-87E2-5180F45F3785}"
EndProject
Project("{9A19103F-16F7-4668-BE54-9A1E7A4F7556}") = "Api", "Api\Api.csproj", "{568D00F2-E7E1-4386-8E2C-52574DC17877}"
EndProject
Project("{9A19103F-16F7-4668-BE54-9A1E7A4F7556}") = "Data", "Data\Data.csproj", "{B2857B08-894D-40F0-9ADB-744ACACBB413}"
EndProject
Project("{9A19103F-16F7-4668-BE54-9A1E7A4F7556}") = "Public", "Public\Public.csproj", "{D2CE0660-0FEA-4239-ACCD-9A4E39886C24}"
EndProject
Project("{9A19103F-16F7-4668-BE54-9A1E7A4F7556}") = "Blazor.Fluxor", "Blazor.Fluxor\Blazor.Fluxor.csproj", "{1CE53AAE-8BC7-4C46-95FD-601C74974D52}"
EndProject
Project("{9A19103F-16F7-4668-BE54-9A1E7A4F7556}") = "Api.Gateway", "Api.Gateway\Api.Gateway.csproj", "{5E325EE9-75E9-4D72-9EB9-4A2ECD053FE7}"
EndProject
Project("{9A19103F-16F7-4668-BE54-9A1E7A4F7556}") = "EventBus", "EventBus\EventBus.csproj", "{DE49801D-5659-46CD-9320-D80BBD131670}"
EndProject
Project("{9A19103F-16F7-4668-BE54-9A1E7A4F7556}") = "Api.Shared", "Api.Shared\Api.Shared.csproj", "{3736555C-D2A7-4B3C-82CB-48BFF0C5C715}"
EndProject
Project("{9A19103F-16F7-4668-BE54-9A1E7A4F7556}") = "EventBus.RabbitMQ", "EventBus.RabbitMQ\EventBus.RabbitMQ.csproj", "{D683C054-6C46-4C28-BF0D-04746E151ABF}"
EndProject
Global
	GlobalSection(SolutionConfigurationPlatforms) = preSolution
		Debug|Any CPU = Debug|Any CPU
		Release|Any CPU = Release|Any CPU
	EndGlobalSection
	GlobalSection(ProjectConfigurationPlatforms) = postSolution
		{438D1E7E-DAF6-4D9E-87E2-5180F45F3785}.Debug|Any CPU.ActiveCfg = Debug|Any CPU
		{438D1E7E-DAF6-4D9E-87E2-5180F45F3785}.Debug|Any CPU.Build.0 = Debug|Any CPU
		{438D1E7E-DAF6-4D9E-87E2-5180F45F3785}.Release|Any CPU.ActiveCfg = Release|Any CPU
		{438D1E7E-DAF6-4D9E-87E2-5180F45F3785}.Release|Any CPU.Build.0 = Release|Any CPU
		{568D00F2-E7E1-4386-8E2C-52574DC17877}.Debug|Any CPU.ActiveCfg = Debug|Any CPU
		{568D00F2-E7E1-4386-8E2C-52574DC17877}.Debug|Any CPU.Build.0 = Debug|Any CPU
		{568D00F2-E7E1-4386-8E2C-52574DC17877}.Release|Any CPU.ActiveCfg = Release|Any CPU
		{568D00F2-E7E1-4386-8E2C-52574DC17877}.Release|Any CPU.Build.0 = Release|Any CPU
		{B2857B08-894D-40F0-9ADB-744ACACBB413}.Debug|Any CPU.ActiveCfg = Debug|Any CPU
		{B2857B08-894D-40F0-9ADB-744ACACBB413}.Debug|Any CPU.Build.0 = Debug|Any CPU
		{B2857B08-894D-40F0-9ADB-744ACACBB413}.Release|Any CPU.ActiveCfg = Release|Any CPU
		{B2857B08-894D-40F0-9ADB-744ACACBB413}.Release|Any CPU.Build.0 = Release|Any CPU
		{D2CE0660-0FEA-4239-ACCD-9A4E39886C24}.Debug|Any CPU.ActiveCfg = Debug|Any CPU
		{D2CE0660-0FEA-4239-ACCD-9A4E39886C24}.Debug|Any CPU.Build.0 = Debug|Any CPU
		{D2CE0660-0FEA-4239-ACCD-9A4E39886C24}.Release|Any CPU.ActiveCfg = Release|Any CPU
		{D2CE0660-0FEA-4239-ACCD-9A4E39886C24}.Release|Any CPU.Build.0 = Release|Any CPU
		{1CE53AAE-8BC7-4C46-95FD-601C74974D52}.Debug|Any CPU.ActiveCfg = Debug|Any CPU
		{1CE53AAE-8BC7-4C46-95FD-601C74974D52}.Debug|Any CPU.Build.0 = Debug|Any CPU
		{1CE53AAE-8BC7-4C46-95FD-601C74974D52}.Release|Any CPU.ActiveCfg = Release|Any CPU
		{1CE53AAE-8BC7-4C46-95FD-601C74974D52}.Release|Any CPU.Build.0 = Release|Any CPU
		{5E325EE9-75E9-4D72-9EB9-4A2ECD053FE7}.Debug|Any CPU.ActiveCfg = Debug|Any CPU
		{5E325EE9-75E9-4D72-9EB9-4A2ECD053FE7}.Debug|Any CPU.Build.0 = Debug|Any CPU
		{5E325EE9-75E9-4D72-9EB9-4A2ECD053FE7}.Release|Any CPU.ActiveCfg = Release|Any CPU
		{5E325EE9-75E9-4D72-9EB9-4A2ECD053FE7}.Release|Any CPU.Build.0 = Release|Any CPU
		{DE49801D-5659-46CD-9320-D80BBD131670}.Debug|Any CPU.ActiveCfg = Debug|Any CPU
		{DE49801D-5659-46CD-9320-D80BBD131670}.Debug|Any CPU.Build.0 = Debug|Any CPU
		{DE49801D-5659-46CD-9320-D80BBD131670}.Release|Any CPU.ActiveCfg = Release|Any CPU
		{DE49801D-5659-46CD-9320-D80BBD131670}.Release|Any CPU.Build.0 = Release|Any CPU
		{3736555C-D2A7-4B3C-82CB-48BFF0C5C715}.Debug|Any CPU.ActiveCfg = Debug|Any CPU
		{3736555C-D2A7-4B3C-82CB-48BFF0C5C715}.Debug|Any CPU.Build.0 = Debug|Any CPU
		{3736555C-D2A7-4B3C-82CB-48BFF0C5C715}.Release|Any CPU.ActiveCfg = Release|Any CPU
		{3736555C-D2A7-4B3C-82CB-48BFF0C5C715}.Release|Any CPU.Build.0 = Release|Any CPU
		{D683C054-6C46-4C28-BF0D-04746E151ABF}.Debug|Any CPU.ActiveCfg = Debug|Any CPU
		{D683C054-6C46-4C28-BF0D-04746E151ABF}.Debug|Any CPU.Build.0 = Debug|Any CPU
		{D683C054-6C46-4C28-BF0D-04746E151ABF}.Release|Any CPU.ActiveCfg = Release|Any CPU
		{D683C054-6C46-4C28-BF0D-04746E151ABF}.Release|Any CPU.Build.0 = Release|Any CPU
	EndGlobalSection
	GlobalSection(SolutionProperties) = preSolution
		HideSolutionNode = FALSE
	EndGlobalSection
	GlobalSection(ExtensibilityGlobals) = postSolution
		SolutionGuid = {9E349DA1-36DD-4BF6-915C-6BB8E4EAC687}
	EndGlobalSection
EndGlobal
